// !$*UTF8*$!
{
	archiveVersion = 1;
	classes = {
	};
	objectVersion = 50;
	objects = {

/* Begin PBXBuildFile section */
		0460B52625483C3F00DB14A7 /* CardType.swift in Sources */ = {isa = PBXBuildFile; fileRef = 0460B52525483C3F00DB14A7 /* CardType.swift */; };
		0460B52B25483CAA00DB14A7 /* Card.swift in Sources */ = {isa = PBXBuildFile; fileRef = 0460B52A25483CAA00DB14A7 /* Card.swift */; };
		0460B53025483DC200DB14A7 /* TransactionItem.swift in Sources */ = {isa = PBXBuildFile; fileRef = 0460B52F25483DC200DB14A7 /* TransactionItem.swift */; };
		0460B53525483EA000DB14A7 /* Expense.swift in Sources */ = {isa = PBXBuildFile; fileRef = 0460B53425483EA000DB14A7 /* Expense.swift */; };
		0460B53A2548419D00DB14A7 /* DummyData.swift in Sources */ = {isa = PBXBuildFile; fileRef = 0460B5392548419D00DB14A7 /* DummyData.swift */; };
		0460B53F2548461500DB14A7 /* ColorConstant.swift in Sources */ = {isa = PBXBuildFile; fileRef = 0460B53E2548461500DB14A7 /* ColorConstant.swift */; };
		0460B54425487D8300DB14A7 /* CardManager.swift in Sources */ = {isa = PBXBuildFile; fileRef = 0460B54325487D8300DB14A7 /* CardManager.swift */; };
		0460B5512548B62D00DB14A7 /* CardView.swift in Sources */ = {isa = PBXBuildFile; fileRef = 0460B5502548B62D00DB14A7 /* CardView.swift */; };
		0460B55625496FCA00DB14A7 /* PagerView.swift in Sources */ = {isa = PBXBuildFile; fileRef = 0460B55525496FC900DB14A7 /* PagerView.swift */; };
		0460B55B2549786100DB14A7 /* MenuHeaderView.swift in Sources */ = {isa = PBXBuildFile; fileRef = 0460B55A2549786100DB14A7 /* MenuHeaderView.swift */; };
		0460B56025497A6D00DB14A7 /* TransactionListRow.swift in Sources */ = {isa = PBXBuildFile; fileRef = 0460B55F25497A6D00DB14A7 /* TransactionListRow.swift */; };
		049A508525482BF90012456A /* mybankApp.swift in Sources */ = {isa = PBXBuildFile; fileRef = 049A508425482BF90012456A /* mybankApp.swift */; };
		049A508725482BF90012456A /* ContentView.swift in Sources */ = {isa = PBXBuildFile; fileRef = 049A508625482BF90012456A /* ContentView.swift */; };
		049A508925482BFD0012456A /* Assets.xcassets in Resources */ = {isa = PBXBuildFile; fileRef = 049A508825482BFD0012456A /* Assets.xcassets */; };
		049A508C25482BFD0012456A /* Preview Assets.xcassets in Resources */ = {isa = PBXBuildFile; fileRef = 049A508B25482BFD0012456A /* Preview Assets.xcassets */; };
		049A509725482BFD0012456A /* mybankTests.swift in Sources */ = {isa = PBXBuildFile; fileRef = 049A509625482BFD0012456A /* mybankTests.swift */; };
		049A50A225482BFD0012456A /* mybankUITests.swift in Sources */ = {isa = PBXBuildFile; fileRef = 049A50A125482BFD0012456A /* mybankUITests.swift */; };
/* End PBXBuildFile section */

/* Begin PBXContainerItemProxy section */
		049A509325482BFD0012456A /* PBXContainerItemProxy */ = {
			isa = PBXContainerItemProxy;
			containerPortal = 049A507925482BF90012456A /* Project object */;
			proxyType = 1;
			remoteGlobalIDString = 049A508025482BF90012456A;
			remoteInfo = mybank;
		};
		049A509E25482BFD0012456A /* PBXContainerItemProxy */ = {
			isa = PBXContainerItemProxy;
			containerPortal = 049A507925482BF90012456A /* Project object */;
			proxyType = 1;
			remoteGlobalIDString = 049A508025482BF90012456A;
			remoteInfo = mybank;
		};
/* End PBXContainerItemProxy section */

/* Begin PBXFileReference section */
		0460B52525483C3F00DB14A7 /* CardType.swift */ = {isa = PBXFileReference; lastKnownFileType = sourcecode.swift; path = CardType.swift; sourceTree = "<group>"; };
		0460B52A25483CAA00DB14A7 /* Card.swift */ = {isa = PBXFileReference; lastKnownFileType = sourcecode.swift; path = Card.swift; sourceTree = "<group>"; };
		0460B52F25483DC200DB14A7 /* TransactionItem.swift */ = {isa = PBXFileReference; lastKnownFileType = sourcecode.swift; path = TransactionItem.swift; sourceTree = "<group>"; };
		0460B53425483EA000DB14A7 /* Expense.swift */ = {isa = PBXFileReference; lastKnownFileType = sourcecode.swift; path = Expense.swift; sourceTree = "<group>"; };
		0460B5392548419D00DB14A7 /* DummyData.swift */ = {isa = PBXFileReference; lastKnownFileType = sourcecode.swift; path = DummyData.swift; sourceTree = "<group>"; };
		0460B53E2548461500DB14A7 /* ColorConstant.swift */ = {isa = PBXFileReference; lastKnownFileType = sourcecode.swift; path = ColorConstant.swift; sourceTree = "<group>"; };
		0460B54325487D8300DB14A7 /* CardManager.swift */ = {isa = PBXFileReference; lastKnownFileType = sourcecode.swift; path = CardManager.swift; sourceTree = "<group>"; };
		0460B5502548B62D00DB14A7 /* CardView.swift */ = {isa = PBXFileReference; lastKnownFileType = sourcecode.swift; path = CardView.swift; sourceTree = "<group>"; };
		0460B55525496FC900DB14A7 /* PagerView.swift */ = {isa = PBXFileReference; lastKnownFileType = sourcecode.swift; path = PagerView.swift; sourceTree = "<group>"; };
		0460B55A2549786100DB14A7 /* MenuHeaderView.swift */ = {isa = PBXFileReference; lastKnownFileType = sourcecode.swift; path = MenuHeaderView.swift; sourceTree = "<group>"; };
		0460B55F25497A6D00DB14A7 /* TransactionListRow.swift */ = {isa = PBXFileReference; lastKnownFileType = sourcecode.swift; path = TransactionListRow.swift; sourceTree = "<group>"; };
		049A508125482BF90012456A /* mybank.app */ = {isa = PBXFileReference; explicitFileType = wrapper.application; includeInIndex = 0; path = mybank.app; sourceTree = BUILT_PRODUCTS_DIR; };
		049A508425482BF90012456A /* mybankApp.swift */ = {isa = PBXFileReference; lastKnownFileType = sourcecode.swift; path = mybankApp.swift; sourceTree = "<group>"; };
		049A508625482BF90012456A /* ContentView.swift */ = {isa = PBXFileReference; lastKnownFileType = sourcecode.swift; path = ContentView.swift; sourceTree = "<group>"; };
		049A508825482BFD0012456A /* Assets.xcassets */ = {isa = PBXFileReference; lastKnownFileType = folder.assetcatalog; path = Assets.xcassets; sourceTree = "<group>"; };
		049A508B25482BFD0012456A /* Preview Assets.xcassets */ = {isa = PBXFileReference; lastKnownFileType = folder.assetcatalog; path = "Preview Assets.xcassets"; sourceTree = "<group>"; };
		049A508D25482BFD0012456A /* Info.plist */ = {isa = PBXFileReference; lastKnownFileType = text.plist.xml; path = Info.plist; sourceTree = "<group>"; };
		049A509225482BFD0012456A /* mybankTests.xctest */ = {isa = PBXFileReference; explicitFileType = wrapper.cfbundle; includeInIndex = 0; path = mybankTests.xctest; sourceTree = BUILT_PRODUCTS_DIR; };
		049A509625482BFD0012456A /* mybankTests.swift */ = {isa = PBXFileReference; lastKnownFileType = sourcecode.swift; path = mybankTests.swift; sourceTree = "<group>"; };
		049A509825482BFD0012456A /* Info.plist */ = {isa = PBXFileReference; lastKnownFileType = text.plist.xml; path = Info.plist; sourceTree = "<group>"; };
		049A509D25482BFD0012456A /* mybankUITests.xctest */ = {isa = PBXFileReference; explicitFileType = wrapper.cfbundle; includeInIndex = 0; path = mybankUITests.xctest; sourceTree = BUILT_PRODUCTS_DIR; };
		049A50A125482BFD0012456A /* mybankUITests.swift */ = {isa = PBXFileReference; lastKnownFileType = sourcecode.swift; path = mybankUITests.swift; sourceTree = "<group>"; };
		049A50A325482BFD0012456A /* Info.plist */ = {isa = PBXFileReference; lastKnownFileType = text.plist.xml; path = Info.plist; sourceTree = "<group>"; };
/* End PBXFileReference section */

/* Begin PBXFrameworksBuildPhase section */
		049A507E25482BF90012456A /* Frameworks */ = {
			isa = PBXFrameworksBuildPhase;
			buildActionMask = 2147483647;
			files = (
			);
			runOnlyForDeploymentPostprocessing = 0;
		};
		049A508F25482BFD0012456A /* Frameworks */ = {
			isa = PBXFrameworksBuildPhase;
			buildActionMask = 2147483647;
			files = (
			);
			runOnlyForDeploymentPostprocessing = 0;
		};
		049A509A25482BFD0012456A /* Frameworks */ = {
			isa = PBXFrameworksBuildPhase;
			buildActionMask = 2147483647;
			files = (
			);
			runOnlyForDeploymentPostprocessing = 0;
		};
/* End PBXFrameworksBuildPhase section */

/* Begin PBXGroup section */
		0460B51D254836C100DB14A7 /* Views */ = {
			isa = PBXGroup;
			children = (
				049A508625482BF90012456A /* ContentView.swift */,
				0460B5502548B62D00DB14A7 /* CardView.swift */,
				0460B55525496FC900DB14A7 /* PagerView.swift */,
				0460B55A2549786100DB14A7 /* MenuHeaderView.swift */,
				0460B55F25497A6D00DB14A7 /* TransactionListRow.swift */,
			);
			name = Views;
			sourceTree = "<group>";
		};
		0460B51E254836ED00DB14A7 /* Utils */ = {
			isa = PBXGroup;
			children = (
				0460B5392548419D00DB14A7 /* DummyData.swift */,
				0460B53E2548461500DB14A7 /* ColorConstant.swift */,
			);
			name = Utils;
			sourceTree = "<group>";
		};
		0460B51F2548377700DB14A7 /* Models */ = {
			isa = PBXGroup;
			children = (
				0460B52525483C3F00DB14A7 /* CardType.swift */,
				0460B52A25483CAA00DB14A7 /* Card.swift */,
				0460B52F25483DC200DB14A7 /* TransactionItem.swift */,
				0460B53425483EA000DB14A7 /* Expense.swift */,
			);
			name = Models;
			sourceTree = "<group>";
		};
		0460B5202548379E00DB14A7 /* Services */ = {
			isa = PBXGroup;
			children = (
				0460B54325487D8300DB14A7 /* CardManager.swift */,
			);
			name = Services;
			sourceTree = "<group>";
		};
		0460B521254837E200DB14A7 /* App */ = {
			isa = PBXGroup;
			children = (
				049A508825482BFD0012456A /* Assets.xcassets */,
				049A508D25482BFD0012456A /* Info.plist */,
				049A508A25482BFD0012456A /* Preview Content */,
				049A508425482BF90012456A /* mybankApp.swift */,
			);
			name = App;
			sourceTree = "<group>";
		};
		049A507825482BF90012456A = {
			isa = PBXGroup;
			children = (
				049A508325482BF90012456A /* mybank */,
				049A509525482BFD0012456A /* mybankTests */,
				049A50A025482BFD0012456A /* mybankUITests */,
				049A508225482BF90012456A /* Products */,
			);
			sourceTree = "<group>";
		};
		049A508225482BF90012456A /* Products */ = {
			isa = PBXGroup;
			children = (
				049A508125482BF90012456A /* mybank.app */,
				049A509225482BFD0012456A /* mybankTests.xctest */,
				049A509D25482BFD0012456A /* mybankUITests.xctest */,
			);
			name = Products;
			sourceTree = "<group>";
		};
		049A508325482BF90012456A /* mybank */ = {
			isa = PBXGroup;
			children = (
				0460B521254837E200DB14A7 /* App */,
				0460B5202548379E00DB14A7 /* Services */,
				0460B51F2548377700DB14A7 /* Models */,
				0460B51E254836ED00DB14A7 /* Utils */,
				0460B51D254836C100DB14A7 /* Views */,
			);
			path = mybank;
			sourceTree = "<group>";
		};
		049A508A25482BFD0012456A /* Preview Content */ = {
			isa = PBXGroup;
			children = (
				049A508B25482BFD0012456A /* Preview Assets.xcassets */,
			);
			path = "Preview Content";
			sourceTree = "<group>";
		};
		049A509525482BFD0012456A /* mybankTests */ = {
			isa = PBXGroup;
			children = (
				049A509625482BFD0012456A /* mybankTests.swift */,
				049A509825482BFD0012456A /* Info.plist */,
			);
			path = mybankTests;
			sourceTree = "<group>";
		};
		049A50A025482BFD0012456A /* mybankUITests */ = {
			isa = PBXGroup;
			children = (
				049A50A125482BFD0012456A /* mybankUITests.swift */,
				049A50A325482BFD0012456A /* Info.plist */,
			);
			path = mybankUITests;
			sourceTree = "<group>";
		};
/* End PBXGroup section */

/* Begin PBXNativeTarget section */
		049A508025482BF90012456A /* mybank */ = {
			isa = PBXNativeTarget;
			buildConfigurationList = 049A50A625482BFD0012456A /* Build configuration list for PBXNativeTarget "mybank" */;
			buildPhases = (
				049A507D25482BF90012456A /* Sources */,
				049A507E25482BF90012456A /* Frameworks */,
				049A507F25482BF90012456A /* Resources */,
			);
			buildRules = (
			);
			dependencies = (
			);
			name = mybank;
			productName = mybank;
			productReference = 049A508125482BF90012456A /* mybank.app */;
			productType = "com.apple.product-type.application";
		};
		049A509125482BFD0012456A /* mybankTests */ = {
			isa = PBXNativeTarget;
			buildConfigurationList = 049A50A925482BFD0012456A /* Build configuration list for PBXNativeTarget "mybankTests" */;
			buildPhases = (
				049A508E25482BFD0012456A /* Sources */,
				049A508F25482BFD0012456A /* Frameworks */,
				049A509025482BFD0012456A /* Resources */,
			);
			buildRules = (
			);
			dependencies = (
				049A509425482BFD0012456A /* PBXTargetDependency */,
			);
			name = mybankTests;
			productName = mybankTests;
			productReference = 049A509225482BFD0012456A /* mybankTests.xctest */;
			productType = "com.apple.product-type.bundle.unit-test";
		};
		049A509C25482BFD0012456A /* mybankUITests */ = {
			isa = PBXNativeTarget;
			buildConfigurationList = 049A50AC25482BFD0012456A /* Build configuration list for PBXNativeTarget "mybankUITests" */;
			buildPhases = (
				049A509925482BFD0012456A /* Sources */,
				049A509A25482BFD0012456A /* Frameworks */,
				049A509B25482BFD0012456A /* Resources */,
			);
			buildRules = (
			);
			dependencies = (
				049A509F25482BFD0012456A /* PBXTargetDependency */,
			);
			name = mybankUITests;
			productName = mybankUITests;
			productReference = 049A509D25482BFD0012456A /* mybankUITests.xctest */;
			productType = "com.apple.product-type.bundle.ui-testing";
		};
/* End PBXNativeTarget section */

/* Begin PBXProject section */
		049A507925482BF90012456A /* Project object */ = {
			isa = PBXProject;
			attributes = {
				LastSwiftUpdateCheck = 1200;
				LastUpgradeCheck = 1200;
				TargetAttributes = {
					049A508025482BF90012456A = {
						CreatedOnToolsVersion = 12.0.1;
					};
					049A509125482BFD0012456A = {
						CreatedOnToolsVersion = 12.0.1;
						TestTargetID = 049A508025482BF90012456A;
					};
					049A509C25482BFD0012456A = {
						CreatedOnToolsVersion = 12.0.1;
						TestTargetID = 049A508025482BF90012456A;
					};
				};
			};
			buildConfigurationList = 049A507C25482BF90012456A /* Build configuration list for PBXProject "mybank" */;
			compatibilityVersion = "Xcode 9.3";
			developmentRegion = en;
			hasScannedForEncodings = 0;
			knownRegions = (
				en,
				Base,
			);
			mainGroup = 049A507825482BF90012456A;
			productRefGroup = 049A508225482BF90012456A /* Products */;
			projectDirPath = "";
			projectRoot = "";
			targets = (
				049A508025482BF90012456A /* mybank */,
				049A509125482BFD0012456A /* mybankTests */,
				049A509C25482BFD0012456A /* mybankUITests */,
			);
		};
/* End PBXProject section */

/* Begin PBXResourcesBuildPhase section */
		049A507F25482BF90012456A /* Resources */ = {
			isa = PBXResourcesBuildPhase;
			buildActionMask = 2147483647;
			files = (
				049A508C25482BFD0012456A /* Preview Assets.xcassets in Resources */,
				049A508925482BFD0012456A /* Assets.xcassets in Resources */,
			);
			runOnlyForDeploymentPostprocessing = 0;
		};
		049A509025482BFD0012456A /* Resources */ = {
			isa = PBXResourcesBuildPhase;
			buildActionMask = 2147483647;
			files = (
			);
			runOnlyForDeploymentPostprocessing = 0;
		};
		049A509B25482BFD0012456A /* Resources */ = {
			isa = PBXResourcesBuildPhase;
			buildActionMask = 2147483647;
			files = (
			);
			runOnlyForDeploymentPostprocessing = 0;
		};
/* End PBXResourcesBuildPhase section */

/* Begin PBXSourcesBuildPhase section */
		049A507D25482BF90012456A /* Sources */ = {
			isa = PBXSourcesBuildPhase;
			buildActionMask = 2147483647;
			files = (
				0460B53525483EA000DB14A7 /* Expense.swift in Sources */,
				0460B55625496FCA00DB14A7 /* PagerView.swift in Sources */,
				049A508725482BF90012456A /* ContentView.swift in Sources */,
				049A508525482BF90012456A /* mybankApp.swift in Sources */,
				0460B56025497A6D00DB14A7 /* TransactionListRow.swift in Sources */,
				0460B53A2548419D00DB14A7 /* DummyData.swift in Sources */,
				0460B5512548B62D00DB14A7 /* CardView.swift in Sources */,
				0460B52625483C3F00DB14A7 /* CardType.swift in Sources */,
				0460B54425487D8300DB14A7 /* CardManager.swift in Sources */,
				0460B55B2549786100DB14A7 /* MenuHeaderView.swift in Sources */,
				0460B53025483DC200DB14A7 /* TransactionItem.swift in Sources */,
				0460B52B25483CAA00DB14A7 /* Card.swift in Sources */,
				0460B53F2548461500DB14A7 /* ColorConstant.swift in Sources */,
			);
			runOnlyForDeploymentPostprocessing = 0;
		};
		049A508E25482BFD0012456A /* Sources */ = {
			isa = PBXSourcesBuildPhase;
			buildActionMask = 2147483647;
			files = (
				049A509725482BFD0012456A /* mybankTests.swift in Sources */,
			);
			runOnlyForDeploymentPostprocessing = 0;
		};
		049A509925482BFD0012456A /* Sources */ = {
			isa = PBXSourcesBuildPhase;
			buildActionMask = 2147483647;
			files = (
				049A50A225482BFD0012456A /* mybankUITests.swift in Sources */,
			);
			runOnlyForDeploymentPostprocessing = 0;
		};
/* End PBXSourcesBuildPhase section */

/* Begin PBXTargetDependency section */
		049A509425482BFD0012456A /* PBXTargetDependency */ = {
			isa = PBXTargetDependency;
			target = 049A508025482BF90012456A /* mybank */;
			targetProxy = 049A509325482BFD0012456A /* PBXContainerItemProxy */;
		};
		049A509F25482BFD0012456A /* PBXTargetDependency */ = {
			isa = PBXTargetDependency;
			target = 049A508025482BF90012456A /* mybank */;
			targetProxy = 049A509E25482BFD0012456A /* PBXContainerItemProxy */;
		};
/* End PBXTargetDependency section */

/* Begin XCBuildConfiguration section */
		049A50A425482BFD0012456A /* Debug */ = {
			isa = XCBuildConfiguration;
			buildSettings = {
				ALWAYS_SEARCH_USER_PATHS = NO;
				CLANG_ANALYZER_NONNULL = YES;
				CLANG_ANALYZER_NUMBER_OBJECT_CONVERSION = YES_AGGRESSIVE;
				CLANG_CXX_LANGUAGE_STANDARD = "gnu++14";
				CLANG_CXX_LIBRARY = "libc++";
				CLANG_ENABLE_MODULES = YES;
				CLANG_ENABLE_OBJC_ARC = YES;
				CLANG_ENABLE_OBJC_WEAK = YES;
				CLANG_WARN_BLOCK_CAPTURE_AUTORELEASING = YES;
				CLANG_WARN_BOOL_CONVERSION = YES;
				CLANG_WARN_COMMA = YES;
				CLANG_WARN_CONSTANT_CONVERSION = YES;
				CLANG_WARN_DEPRECATED_OBJC_IMPLEMENTATIONS = YES;
				CLANG_WARN_DIRECT_OBJC_ISA_USAGE = YES_ERROR;
				CLANG_WARN_DOCUMENTATION_COMMENTS = YES;
				CLANG_WARN_EMPTY_BODY = YES;
				CLANG_WARN_ENUM_CONVERSION = YES;
				CLANG_WARN_INFINITE_RECURSION = YES;
				CLANG_WARN_INT_CONVERSION = YES;
				CLANG_WARN_NON_LITERAL_NULL_CONVERSION = YES;
				CLANG_WARN_OBJC_IMPLICIT_RETAIN_SELF = YES;
				CLANG_WARN_OBJC_LITERAL_CONVERSION = YES;
				CLANG_WARN_OBJC_ROOT_CLASS = YES_ERROR;
				CLANG_WARN_QUOTED_INCLUDE_IN_FRAMEWORK_HEADER = YES;
				CLANG_WARN_RANGE_LOOP_ANALYSIS = YES;
				CLANG_WARN_STRICT_PROTOTYPES = YES;
				CLANG_WARN_SUSPICIOUS_MOVE = YES;
				CLANG_WARN_UNGUARDED_AVAILABILITY = YES_AGGRESSIVE;
				CLANG_WARN_UNREACHABLE_CODE = YES;
				CLANG_WARN__DUPLICATE_METHOD_MATCH = YES;
				COPY_PHASE_STRIP = NO;
				DEBUG_INFORMATION_FORMAT = dwarf;
				ENABLE_STRICT_OBJC_MSGSEND = YES;
				ENABLE_TESTABILITY = YES;
				GCC_C_LANGUAGE_STANDARD = gnu11;
				GCC_DYNAMIC_NO_PIC = NO;
				GCC_NO_COMMON_BLOCKS = YES;
				GCC_OPTIMIZATION_LEVEL = 0;
				GCC_PREPROCESSOR_DEFINITIONS = (
					"DEBUG=1",
					"$(inherited)",
				);
				GCC_WARN_64_TO_32_BIT_CONVERSION = YES;
				GCC_WARN_ABOUT_RETURN_TYPE = YES_ERROR;
				GCC_WARN_UNDECLARED_SELECTOR = YES;
				GCC_WARN_UNINITIALIZED_AUTOS = YES_AGGRESSIVE;
				GCC_WARN_UNUSED_FUNCTION = YES;
				GCC_WARN_UNUSED_VARIABLE = YES;
				IPHONEOS_DEPLOYMENT_TARGET = 14.0;
				MTL_ENABLE_DEBUG_INFO = INCLUDE_SOURCE;
				MTL_FAST_MATH = YES;
				ONLY_ACTIVE_ARCH = YES;
				SDKROOT = iphoneos;
				SWIFT_ACTIVE_COMPILATION_CONDITIONS = DEBUG;
				SWIFT_OPTIMIZATION_LEVEL = "-Onone";
			};
			name = Debug;
		};
		049A50A525482BFD0012456A /* Release */ = {
			isa = XCBuildConfiguration;
			buildSettings = {
				ALWAYS_SEARCH_USER_PATHS = NO;
				CLANG_ANALYZER_NONNULL = YES;
				CLANG_ANALYZER_NUMBER_OBJECT_CONVERSION = YES_AGGRESSIVE;
				CLANG_CXX_LANGUAGE_STANDARD = "gnu++14";
				CLANG_CXX_LIBRARY = "libc++";
				CLANG_ENABLE_MODULES = YES;
				CLANG_ENABLE_OBJC_ARC = YES;
				CLANG_ENABLE_OBJC_WEAK = YES;
				CLANG_WARN_BLOCK_CAPTURE_AUTORELEASING = YES;
				CLANG_WARN_BOOL_CONVERSION = YES;
				CLANG_WARN_COMMA = YES;
				CLANG_WARN_CONSTANT_CONVERSION = YES;
				CLANG_WARN_DEPRECATED_OBJC_IMPLEMENTATIONS = YES;
				CLANG_WARN_DIRECT_OBJC_ISA_USAGE = YES_ERROR;
				CLANG_WARN_DOCUMENTATION_COMMENTS = YES;
				CLANG_WARN_EMPTY_BODY = YES;
				CLANG_WARN_ENUM_CONVERSION = YES;
				CLANG_WARN_INFINITE_RECURSION = YES;
				CLANG_WARN_INT_CONVERSION = YES;
				CLANG_WARN_NON_LITERAL_NULL_CONVERSION = YES;
				CLANG_WARN_OBJC_IMPLICIT_RETAIN_SELF = YES;
				CLANG_WARN_OBJC_LITERAL_CONVERSION = YES;
				CLANG_WARN_OBJC_ROOT_CLASS = YES_ERROR;
				CLANG_WARN_QUOTED_INCLUDE_IN_FRAMEWORK_HEADER = YES;
				CLANG_WARN_RANGE_LOOP_ANALYSIS = YES;
				CLANG_WARN_STRICT_PROTOTYPES = YES;
				CLANG_WARN_SUSPICIOUS_MOVE = YES;
				CLANG_WARN_UNGUARDED_AVAILABILITY = YES_AGGRESSIVE;
				CLANG_WARN_UNREACHABLE_CODE = YES;
				CLANG_WARN__DUPLICATE_METHOD_MATCH = YES;
				COPY_PHASE_STRIP = NO;
				DEBUG_INFORMATION_FORMAT = "dwarf-with-dsym";
				ENABLE_NS_ASSERTIONS = NO;
				ENABLE_STRICT_OBJC_MSGSEND = YES;
				GCC_C_LANGUAGE_STANDARD = gnu11;
				GCC_NO_COMMON_BLOCKS = YES;
				GCC_WARN_64_TO_32_BIT_CONVERSION = YES;
				GCC_WARN_ABOUT_RETURN_TYPE = YES_ERROR;
				GCC_WARN_UNDECLARED_SELECTOR = YES;
				GCC_WARN_UNINITIALIZED_AUTOS = YES_AGGRESSIVE;
				GCC_WARN_UNUSED_FUNCTION = YES;
				GCC_WARN_UNUSED_VARIABLE = YES;
				IPHONEOS_DEPLOYMENT_TARGET = 14.0;
				MTL_ENABLE_DEBUG_INFO = NO;
				MTL_FAST_MATH = YES;
				SDKROOT = iphoneos;
				SWIFT_COMPILATION_MODE = wholemodule;
				SWIFT_OPTIMIZATION_LEVEL = "-O";
				VALIDATE_PRODUCT = YES;
			};
			name = Release;
		};
		049A50A725482BFD0012456A /* Debug */ = {
			isa = XCBuildConfiguration;
			buildSettings = {
				ASSETCATALOG_COMPILER_APPICON_NAME = AppIcon;
				ASSETCATALOG_COMPILER_GLOBAL_ACCENT_COLOR_NAME = AccentColor;
				CODE_SIGN_STYLE = Automatic;
				DEVELOPMENT_ASSET_PATHS = "\"mybank/Preview Content\"";
				DEVELOPMENT_TEAM = N47RYZ5ZP5;
				ENABLE_PREVIEWS = YES;
				INFOPLIST_FILE = mybank/Info.plist;
				IPHONEOS_DEPLOYMENT_TARGET = 14.0;
				LD_RUNPATH_SEARCH_PATHS = (
					"$(inherited)",
					"@executable_path/Frameworks",
				);
				PRODUCT_BUNDLE_IDENTIFIER = com.tanacom.mybank;
				PRODUCT_NAME = "$(TARGET_NAME)";
				SWIFT_VERSION = 5.0;
				TARGETED_DEVICE_FAMILY = "1,2";
			};
			name = Debug;
		};
		049A50A825482BFD0012456A /* Release */ = {
			isa = XCBuildConfiguration;
			buildSettings = {
				ASSETCATALOG_COMPILER_APPICON_NAME = AppIcon;
				ASSETCATALOG_COMPILER_GLOBAL_ACCENT_COLOR_NAME = AccentColor;
				CODE_SIGN_STYLE = Automatic;
				DEVELOPMENT_ASSET_PATHS = "\"mybank/Preview Content\"";
				DEVELOPMENT_TEAM = N47RYZ5ZP5;
				ENABLE_PREVIEWS = YES;
				INFOPLIST_FILE = mybank/Info.plist;
				IPHONEOS_DEPLOYMENT_TARGET = 14.0;
				LD_RUNPATH_SEARCH_PATHS = (
					"$(inherited)",
					"@executable_path/Frameworks",
				);
				PRODUCT_BUNDLE_IDENTIFIER = com.tanacom.mybank;
				PRODUCT_NAME = "$(TARGET_NAME)";
				SWIFT_VERSION = 5.0;
				TARGETED_DEVICE_FAMILY = "1,2";
			};
			name = Release;
		};
		049A50AA25482BFD0012456A /* Debug */ = {
			isa = XCBuildConfiguration;
			buildSettings = {
				ALWAYS_EMBED_SWIFT_STANDARD_LIBRARIES = YES;
				BUNDLE_LOADER = "$(TEST_HOST)";
				CODE_SIGN_STYLE = Automatic;
				DEVELOPMENT_TEAM = N47RYZ5ZP5;
				INFOPLIST_FILE = mybankTests/Info.plist;
				IPHONEOS_DEPLOYMENT_TARGET = 14.0;
				LD_RUNPATH_SEARCH_PATHS = (
					"$(inherited)",
					"@executable_path/Frameworks",
					"@loader_path/Frameworks",
				);
				PRODUCT_BUNDLE_IDENTIFIER = com.tanacom.mybankTests;
				PRODUCT_NAME = "$(TARGET_NAME)";
				SWIFT_VERSION = 5.0;
				TARGETED_DEVICE_FAMILY = "1,2";
				TEST_HOST = "$(BUILT_PRODUCTS_DIR)/mybank.app/mybank";
			};
			name = Debug;
		};
		049A50AB25482BFD0012456A /* Release */ = {
			isa = XCBuildConfiguration;
			buildSettings = {
				ALWAYS_EMBED_SWIFT_STANDARD_LIBRARIES = YES;
				BUNDLE_LOADER = "$(TEST_HOST)";
				CODE_SIGN_STYLE = Automatic;
				DEVELOPMENT_TEAM = N47RYZ5ZP5;
				INFOPLIST_FILE = mybankTests/Info.plist;
				IPHONEOS_DEPLOYMENT_TARGET = 14.0;
				LD_RUNPATH_SEARCH_PATHS = (
					"$(inherited)",
					"@executable_path/Frameworks",
					"@loader_path/Frameworks",
				);
				PRODUCT_BUNDLE_IDENTIFIER = com.tanacom.mybankTests;
				PRODUCT_NAME = "$(TARGET_NAME)";
				SWIFT_VERSION = 5.0;
				TARGETED_DEVICE_FAMILY = "1,2";
				TEST_HOST = "$(BUILT_PRODUCTS_DIR)/mybank.app/mybank";
			};
			name = Release;
		};
		049A50AD25482BFD0012456A /* Debug */ = {
			isa = XCBuildConfiguration;
			buildSettings = {
				ALWAYS_EMBED_SWIFT_STANDARD_LIBRARIES = YES;
				CODE_SIGN_STYLE = Automatic;
				DEVELOPMENT_TEAM = N47RYZ5ZP5;
				INFOPLIST_FILE = mybankUITests/Info.plist;
				LD_RUNPATH_SEARCH_PATHS = (
					"$(inherited)",
					"@executable_path/Frameworks",
					"@loader_path/Frameworks",
				);
				PRODUCT_BUNDLE_IDENTIFIER = com.tanacom.mybankUITests;
				PRODUCT_NAME = "$(TARGET_NAME)";
				SWIFT_VERSION = 5.0;
				TARGETED_DEVICE_FAMILY = "1,2";
				TEST_TARGET_NAME = mybank;
			};
			name = Debug;
		};
		049A50AE25482BFD0012456A /* Release */ = {
			isa = XCBuildConfiguration;
			buildSettings = {
				ALWAYS_EMBED_SWIFT_STANDARD_LIBRARIES = YES;
				CODE_SIGN_STYLE = Automatic;
				DEVELOPMENT_TEAM = N47RYZ5ZP5;
				INFOPLIST_FILE = mybankUITests/Info.plist;
				LD_RUNPATH_SEARCH_PATHS = (
					"$(inherited)",
					"@executable_path/Frameworks",
					"@loader_path/Frameworks",
				);
				PRODUCT_BUNDLE_IDENTIFIER = com.tanacom.mybankUITests;
				PRODUCT_NAME = "$(TARGET_NAME)";
				SWIFT_VERSION = 5.0;
				TARGETED_DEVICE_FAMILY = "1,2";
				TEST_TARGET_NAME = mybank;
			};
			name = Release;
		};
/* End XCBuildConfiguration section */

/* Begin XCConfigurationList section */
		049A507C25482BF90012456A /* Build configuration list for PBXProject "mybank" */ = {
			isa = XCConfigurationList;
			buildConfigurations = (
				049A50A425482BFD0012456A /* Debug */,
				049A50A525482BFD0012456A /* Release */,
			);
			defaultConfigurationIsVisible = 0;
			defaultConfigurationName = Release;
		};
		049A50A625482BFD0012456A /* Build configuration list for PBXNativeTarget "mybank" */ = {
			isa = XCConfigurationList;
			buildConfigurations = (
				049A50A725482BFD0012456A /* Debug */,
				049A50A825482BFD0012456A /* Release */,
			);
			defaultConfigurationIsVisible = 0;
			defaultConfigurationName = Release;
		};
		049A50A925482BFD0012456A /* Build configuration list for PBXNativeTarget "mybankTests" */ = {
			isa = XCConfigurationList;
			buildConfigurations = (
				049A50AA25482BFD0012456A /* Debug */,
				049A50AB25482BFD0012456A /* Release */,
			);
			defaultConfigurationIsVisible = 0;
			defaultConfigurationName = Release;
		};
		049A50AC25482BFD0012456A /* Build configuration list for PBXNativeTarget "mybankUITests" */ = {
			isa = XCConfigurationList;
			buildConfigurations = (
				049A50AD25482BFD0012456A /* Debug */,
				049A50AE25482BFD0012456A /* Release */,
			);
			defaultConfigurationIsVisible = 0;
			defaultConfigurationName = Release;
		};
/* End XCConfigurationList section */
	};
	rootObject = 049A507925482BF90012456A /* Project object */;
}
